
Microsoft Visual Studio Solution File, Format Version 12.00
# Visual Studio Version 17
VisualStudioVersion = 17.1.32210.238
MinimumVisualStudioVersion = 10.0.40219.1
Project("{FAE04EC0-301F-11D3-BF4B-00C04F79EFBC}") = "C_Lista", "C_Lista\C_Lista.csproj", "{B2EA49AF-690A-4E2D-9A4F-7CAFF10E963F}"
EndProject
Global
	GlobalSection(SolutionConfigurationPlatforms) = preSolution
		Debug|Any CPU = Debug|Any CPU
		Release|Any CPU = Release|Any CPU
	EndGlobalSection
	GlobalSection(ProjectConfigurationPlatforms) = postSolution
		{B2EA49AF-690A-4E2D-9A4F-7CAFF10E963F}.Debug|Any CPU.ActiveCfg = Debug|Any CPU
		{B2EA49AF-690A-4E2D-9A4F-7CAFF10E963F}.Debug|Any CPU.Build.0 = Debug|Any CPU
		{B2EA49AF-690A-4E2D-9A4F-7CAFF10E963F}.Release|Any CPU.ActiveCfg = Release|Any CPU
		{B2EA49AF-690A-4E2D-9A4F-7CAFF10E963F}.Release|Any CPU.Build.0 = Release|Any CPU
	EndGlobalSection
	GlobalSection(SolutionProperties) = preSolution
		HideSolutionNode = FALSE
	EndGlobalSection
	GlobalSection(ExtensibilityGlobals) = postSolution
		SolutionGuid = {E2297A51-232D-4D79-8849-88DF2FD49814}
	EndGlobalSection
EndGlobal
